
Microsoft Visual Studio Solution File, Format Version 12.00
# Visual Studio 2015
Project("{FAE04EC0-301F-11D3-BF4B-00C04F79EFBC}") = "Term Project.CSharp", "Term Project.CSharp.csproj", "{6895821C-07A9-3275-9F13-F987CE344EDB}"
EndProject
Project("{FAE04EC0-301F-11D3-BF4B-00C04F79EFBC}") = "Term Project.CSharp.Editor", "Term Project.CSharp.Editor.csproj", "{B3DADACC-FC5D-D12C-1F29-027317011994}"
EndProject
Global
	GlobalSection(SolutionConfigurationPlatforms) = preSolution
		Debug|Any CPU = Debug|Any CPU
		Release|Any CPU = Release|Any CPU
	EndGlobalSection
	GlobalSection(ProjectConfigurationPlatforms) = postSolution
		{6895821C-07A9-3275-9F13-F987CE344EDB}.Debug|Any CPU.ActiveCfg = Debug|Any CPU
		{6895821C-07A9-3275-9F13-F987CE344EDB}.Debug|Any CPU.Build.0 = Debug|Any CPU
		{6895821C-07A9-3275-9F13-F987CE344EDB}.Release|Any CPU.ActiveCfg = Release|Any CPU
		{6895821C-07A9-3275-9F13-F987CE344EDB}.Release|Any CPU.Build.0 = Release|Any CPU
		{B3DADACC-FC5D-D12C-1F29-027317011994}.Debug|Any CPU.ActiveCfg = Debug|Any CPU
		{B3DADACC-FC5D-D12C-1F29-027317011994}.Debug|Any CPU.Build.0 = Debug|Any CPU
		{B3DADACC-FC5D-D12C-1F29-027317011994}.Release|Any CPU.ActiveCfg = Release|Any CPU
		{B3DADACC-FC5D-D12C-1F29-027317011994}.Release|Any CPU.Build.0 = Release|Any CPU
	EndGlobalSection
	GlobalSection(SolutionProperties) = preSolution
		HideSolutionNode = FALSE
	EndGlobalSection
EndGlobal
